
Microsoft Visual Studio Solution File, Format Version 12.00
# Visual Studio Version 16
VisualStudioVersion = 16.0.29409.12
MinimumVisualStudioVersion = 10.0.40219.1
Project("{FAE04EC0-301F-11D3-BF4B-00C04F79EFBC}") = "ECBSample", "ECBSample\ECBSample.csproj", "{6BC0BB03-2804-4FF4-A3D0-132F97278525}"
EndProject
Global
	GlobalSection(SolutionConfigurationPlatforms) = preSolution
		Debug|Any CPU = Debug|Any CPU
		Release|Any CPU = Release|Any CPU
	EndGlobalSection
	GlobalSection(ProjectConfigurationPlatforms) = postSolution
		{6BC0BB03-2804-4FF4-A3D0-132F97278525}.Debug|Any CPU.ActiveCfg = Debug|Any CPU
		{6BC0BB03-2804-4FF4-A3D0-132F97278525}.Debug|Any CPU.Build.0 = Debug|Any CPU
		{6BC0BB03-2804-4FF4-A3D0-132F97278525}.Release|Any CPU.ActiveCfg = Release|Any CPU
		{6BC0BB03-2804-4FF4-A3D0-132F97278525}.Release|Any CPU.Build.0 = Release|Any CPU
	EndGlobalSection
	GlobalSection(SolutionProperties) = preSolution
		HideSolutionNode = FALSE
	EndGlobalSection
	GlobalSection(ExtensibilityGlobals) = postSolution
		SolutionGuid = {C977D3ED-ADFB-489D-980B-F6DDDE3F4C32}
	EndGlobalSection
EndGlobal
